// !$*UTF8*$!
{
	archiveVersion = 1;
	classes = {
	};
	objectVersion = 77;
	objects = {

/* Begin PBXBuildFile section */
		7937BFCB2FE9B8E1008D21CC /* SwiftMath in Frameworks */ = {isa = PBXBuildFile; productRef = 7937BFCA2FE9B8E1008D21CC /* SwiftMath */; };
		794AFF862FE9BC04004D5F45 /* AlphaOmegaGravity in Frameworks */ = {isa = PBXBuildFile; productRef = 794AFF852FE9BC04004D5F45 /* AlphaOmegaGravity */; };
		794AFFA52FEAD4E5004D5F45 /* MLX in Frameworks */ = {isa = PBXBuildFile; productRef = 794AFFA42FEAD4E5004D5F45 /* MLX */; };
		794AFFA72FEAD4E5004D5F45 /* MLXFFT in Frameworks */ = {isa = PBXBuildFile; productRef = 794AFFA62FEAD4E5004D5F45 /* MLXFFT */; };
		794AFFA92FEAD4E5004D5F45 /* MLXFast in Frameworks */ = {isa = PBXBuildFile; productRef = 794AFFA82FEAD4E5004D5F45 /* MLXFast */; };
		794AFFAB2FEAD4E5004D5F45 /* MLXLinalg in Frameworks */ = {isa = PBXBuildFile; productRef = 794AFFAA2FEAD4E5004D5F45 /* MLXLinalg */; };
		794AFFAD2FEAD4E5004D5F45 /* MLXNN in Frameworks */ = {isa = PBXBuildFile; productRef = 794AFFAC2FEAD4E5004D5F45 /* MLXNN */; };
/* End PBXBuildFile section */

/* Begin PBXContainerItemProxy section */
		79E537DE2FE996D400867F55 /* PBXContainerItemProxy */ = {
			isa = PBXContainerItemProxy;
			containerPortal = 79E537C62FE996D200867F55 /* Project object */;
			proxyType = 1;
			remoteGlobalIDString = 79E537CD2FE996D200867F55;
			remoteInfo = AlphaOmegaGravityVisualizer;
		};
		79E537E82FE996D400867F55 /* PBXContainerItemProxy */ = {
			isa = PBXContainerItemProxy;
			containerPortal = 79E537C62FE996D200867F55 /* Project object */;
			proxyType = 1;
			remoteGlobalIDString = 79E537CD2FE996D200867F55;
			remoteInfo = AlphaOmegaGravityVisualizer;
		};
/* End PBXContainerItemProxy section */

/* Begin PBXFileReference section */
		79E537CE2FE996D200867F55 /* AlphaOmegaGravityVisualizer.app */ = {isa = PBXFileReference; explicitFileType = wrapper.application; includeInIndex = 0; path = AlphaOmegaGravityVisualizer.app; sourceTree = BUILT_PRODUCTS_DIR; };
		79E537DD2FE996D400867F55 /* AlphaOmegaGravityVisualizerTests.xctest */ = {isa = PBXFileReference; explicitFileType = wrapper.cfbundle; includeInIndex = 0; path = AlphaOmegaGravityVisualizerTests.xctest; sourceTree = BUILT_PRODUCTS_DIR; };
		79E537E72FE996D400867F55 /* AlphaOmegaGravityVisualizerUITests.xctest */ = {isa = PBXFileReference; explicitFileType = wrapper.cfbundle; includeInIndex = 0; path = AlphaOmegaGravityVisualizerUITests.xctest; sourceTree = BUILT_PRODUCTS_DIR; };
/* End PBXFileReference section */

/* Begin PBXFileSystemSynchronizedRootGroup section */
		79E537D02FE996D200867F55 /* AlphaOmegaGravityVisualizer */ = {
			isa = PBXFileSystemSynchronizedRootGroup;
			path = AlphaOmegaGravityVisualizer;
			sourceTree = "<group>";
		};
		79E537E02FE996D400867F55 /* AlphaOmegaGravityVisualizerTests */ = {
			isa = PBXFileSystemSynchronizedRootGroup;
			path = AlphaOmegaGravityVisualizerTests;
			sourceTree = "<group>";
		};
		79E537EA2FE996D400867F55 /* AlphaOmegaGravityVisualizerUITests */ = {
			isa = PBXFileSystemSynchronizedRootGroup;
			path = AlphaOmegaGravityVisualizerUITests;
			sourceTree = "<group>";
		};
/* End PBXFileSystemSynchronizedRootGroup section */

/* Begin PBXFrameworksBuildPhase section */
		79E537CB2FE996D200867F55 /* Frameworks */ = {
			isa = PBXFrameworksBuildPhase;
			buildActionMask = 2147483647;
			files = (
				794AFFA52FEAD4E5004D5F45 /* MLX in Frameworks */,
				794AFFAB2FEAD4E5004D5F45 /* MLXLinalg in Frameworks */,
				794AFF862FE9BC04004D5F45 /* AlphaOmegaGravity in Frameworks */,
				7937BFCB2FE9B8E1008D21CC /* SwiftMath in Frameworks */,
				794AFFA92FEAD4E5004D5F45 /* MLXFast in Frameworks */,
				794AFFAD2FEAD4E5004D5F45 /* MLXNN in Frameworks */,
				794AFFA72FEAD4E5004D5F45 /* MLXFFT in Frameworks */,
			);
			runOnlyForDeploymentPostprocessing = 0;
		};
		79E537DA2FE996D400867F55 /* Frameworks */ = {
			isa = PBXFrameworksBuildPhase;
			buildActionMask = 2147483647;
			files = (
			);
			runOnlyForDeploymentPostprocessing = 0;
		};
		79E537E42FE996D400867F55 /* Frameworks */ = {
			isa = PBXFrameworksBuildPhase;
			buildActionMask = 2147483647;
			files = (
			);
			runOnlyForDeploymentPostprocessing = 0;
		};
/* End PBXFrameworksBuildPhase section */

/* Begin PBXGroup section */
		79E537C52FE996D200867F55 = {
			isa = PBXGroup;
			children = (
				79E537D02FE996D200867F55 /* AlphaOmegaGravityVisualizer */,
				79E537E02FE996D400867F55 /* AlphaOmegaGravityVisualizerTests */,
				79E537EA2FE996D400867F55 /* AlphaOmegaGravityVisualizerUITests */,
				79E537CF2FE996D200867F55 /* Products */,
			);
			sourceTree = "<group>";
		};
		79E537CF2FE996D200867F55 /* Products */ = {
			isa = PBXGroup;
			children = (
				79E537CE2FE996D200867F55 /* AlphaOmegaGravityVisualizer.app */,
				79E537DD2FE996D400867F55 /* AlphaOmegaGravityVisualizerTests.xctest */,
				79E537E72FE996D400867F55 /* AlphaOmegaGravityVisualizerUITests.xctest */,
			);
			name = Products;
			sourceTree = "<group>";
		};
/* End PBXGroup section */

/* Begin PBXNativeTarget section */
		79E537CD2FE996D200867F55 /* AlphaOmegaGravityVisualizer */ = {
			isa = PBXNativeTarget;
			buildConfigurationList = 79E537F12FE996D400867F55 /* Build configuration list for PBXNativeTarget "AlphaOmegaGravityVisualizer" */;
			buildPhases = (
				79E537CA2FE996D200867F55 /* Sources */,
				79E537CB2FE996D200867F55 /* Frameworks */,
				79E537CC2FE996D200867F55 /* Resources */,
			);
			buildRules = (
			);
			dependencies = (
			);
			fileSystemSynchronizedGroups = (
				79E537D02FE996D200867F55 /* AlphaOmegaGravityVisualizer */,
			);
			name = AlphaOmegaGravityVisualizer;
			packageProductDependencies = (
				7937BFCA2FE9B8E1008D21CC /* SwiftMath */,
				794AFF852FE9BC04004D5F45 /* AlphaOmegaGravity */,
				794AFFA42FEAD4E5004D5F45 /* MLX */,
				794AFFA62FEAD4E5004D5F45 /* MLXFFT */,
				794AFFA82FEAD4E5004D5F45 /* MLXFast */,
				794AFFAA2FEAD4E5004D5F45 /* MLXLinalg */,
				794AFFAC2FEAD4E5004D5F45 /* MLXNN */,
			);
			productName = AlphaOmegaGravityVisualizer;
			productReference = 79E537CE2FE996D200867F55 /* AlphaOmegaGravityVisualizer.app */;
			productType = "com.apple.product-type.application";
		};
		79E537DC2FE996D400867F55 /* AlphaOmegaGravityVisualizerTests */ = {
			isa = PBXNativeTarget;
			buildConfigurationList = 79E537F42FE996D400867F55 /* Build configuration list for PBXNativeTarget "AlphaOmegaGravityVisualizerTests" */;
			buildPhases = (
				79E537D92FE996D400867F55 /* Sources */,
				79E537DA2FE996D400867F55 /* Frameworks */,
				79E537DB2FE996D400867F55 /* Resources */,
			);
			buildRules = (
			);
			dependencies = (
				79E537DF2FE996D400867F55 /* PBXTargetDependency */,
			);
			fileSystemSynchronizedGroups = (
				79E537E02FE996D400867F55 /* AlphaOmegaGravityVisualizerTests */,
			);
			name = AlphaOmegaGravityVisualizerTests;
			packageProductDependencies = (
			);
			productName = AlphaOmegaGravityVisualizerTests;
			productReference = 79E537DD2FE996D400867F55 /* AlphaOmegaGravityVisualizerTests.xctest */;
			productType = "com.apple.product-type.bundle.unit-test";
		};
		79E537E62FE996D400867F55 /* AlphaOmegaGravityVisualizerUITests */ = {
			isa = PBXNativeTarget;
			buildConfigurationList = 79E537F72FE996D400867F55 /* Build configuration list for PBXNativeTarget "AlphaOmegaGravityVisualizerUITests" */;
			buildPhases = (
				79E537E32FE996D400867F55 /* Sources */,
				79E537E42FE996D400867F55 /* Frameworks */,
				79E537E52FE996D400867F55 /* Resources */,
			);
			buildRules = (
			);
			dependencies = (
				79E537E92FE996D400867F55 /* PBXTargetDependency */,
			);
			fileSystemSynchronizedGroups = (
				79E537EA2FE996D400867F55 /* AlphaOmegaGravityVisualizerUITests */,
			);
			name = AlphaOmegaGravityVisualizerUITests;
			packageProductDependencies = (
			);
			productName = AlphaOmegaGravityVisualizerUITests;
			productReference = 79E537E72FE996D400867F55 /* AlphaOmegaGravityVisualizerUITests.xctest */;
			productType = "com.apple.product-type.bundle.ui-testing";
		};
/* End PBXNativeTarget section */

/* Begin PBXProject section */
		79E537C62FE996D200867F55 /* Project object */ = {
			isa = PBXProject;
			attributes = {
				BuildIndependentTargetsInParallel = 1;
				LastSwiftUpdateCheck = 2630;
				LastUpgradeCheck = 2630;
				TargetAttributes = {
					79E537CD2FE996D200867F55 = {
						CreatedOnToolsVersion = 26.3;
					};
					79E537DC2FE996D400867F55 = {
						CreatedOnToolsVersion = 26.3;
						TestTargetID = 79E537CD2FE996D200867F55;
					};
					79E537E62FE996D400867F55 = {
						CreatedOnToolsVersion = 26.3;
						TestTargetID = 79E537CD2FE996D200867F55;
					};
				};
			};
			buildConfigurationList = 79E537C92FE996D200867F55 /* Build configuration list for PBXProject "AlphaOmegaGravityVisualizer" */;
			developmentRegion = en;
			hasScannedForEncodings = 0;
			knownRegions = (
				en,
				Base,
			);
			mainGroup = 79E537C52FE996D200867F55;
			minimizedProjectReferenceProxies = 1;
			packageReferences = (
				7937BFC92FE9B8E1008D21CC /* XCRemoteSwiftPackageReference "SwiftMath" */,
				794AFF842FE9BC04004D5F45 /* XCLocalSwiftPackageReference "../AlphaOmegaGravity" */,
				794AFFA32FEAD4E4004D5F45 /* XCRemoteSwiftPackageReference "mlx-swift" */,
			);
			preferredProjectObjectVersion = 77;
			productRefGroup = 79E537CF2FE996D200867F55 /* Products */;
			projectDirPath = "";
			projectRoot = "";
			targets = (
				79E537CD2FE996D200867F55 /* AlphaOmegaGravityVisualizer */,
				79E537DC2FE996D400867F55 /* AlphaOmegaGravityVisualizerTests */,
				79E537E62FE996D400867F55 /* AlphaOmegaGravityVisualizerUITests */,
			);
		};
/* End PBXProject section */

/* Begin PBXResourcesBuildPhase section */
		79E537CC2FE996D200867F55 /* Resources */ = {
			isa = PBXResourcesBuildPhase;
			buildActionMask = 2147483647;
			files = (
			);
			runOnlyForDeploymentPostprocessing = 0;
		};
		79E537DB2FE996D400867F55 /* Resources */ = {
			isa = PBXResourcesBuildPhase;
			buildActionMask = 2147483647;
			files = (
			);
			runOnlyForDeploymentPostprocessing = 0;
		};
		79E537E52FE996D400867F55 /* Resources */ = {
			isa = PBXResourcesBuildPhase;
			buildActionMask = 2147483647;
			files = (
			);
			runOnlyForDeploymentPostprocessing = 0;
		};
/* End PBXResourcesBuildPhase section */

/* Begin PBXSourcesBuildPhase section */
		79E537CA2FE996D200867F55 /* Sources */ = {
			isa = PBXSourcesBuildPhase;
			buildActionMask = 2147483647;
			files = (
			);
			runOnlyForDeploymentPostprocessing = 0;
		};
		79E537D92FE996D400867F55 /* Sources */ = {
			isa = PBXSourcesBuildPhase;
			buildActionMask = 2147483647;
			files = (
			);
			runOnlyForDeploymentPostprocessing = 0;
		};
		79E537E32FE996D400867F55 /* Sources */ = {
			isa = PBXSourcesBuildPhase;
			buildActionMask = 2147483647;
			files = (
			);
			runOnlyForDeploymentPostprocessing = 0;
		};
/* End PBXSourcesBuildPhase section */

/* Begin PBXTargetDependency section */
		79E537DF2FE996D400867F55 /* PBXTargetDependency */ = {
			isa = PBXTargetDependency;
			target = 79E537CD2FE996D200867F55 /* AlphaOmegaGravityVisualizer */;
			targetProxy = 79E537DE2FE996D400867F55 /* PBXContainerItemProxy */;
		};
		79E537E92FE996D400867F55 /* PBXTargetDependency */ = {
			isa = PBXTargetDependency;
			target = 79E537CD2FE996D200867F55 /* AlphaOmegaGravityVisualizer */;
			targetProxy = 79E537E82FE996D400867F55 /* PBXContainerItemProxy */;
		};
/* End PBXTargetDependency section */

/* Begin XCBuildConfiguration section */
		79E537EF2FE996D400867F55 /* Debug */ = {
			isa = XCBuildConfiguration;
			buildSettings = {
				ALWAYS_SEARCH_USER_PATHS = NO;
				ASSETCATALOG_COMPILER_GENERATE_SWIFT_ASSET_SYMBOL_EXTENSIONS = YES;
				CLANG_ANALYZER_NONNULL = YES;
				CLANG_ANALYZER_NUMBER_OBJECT_CONVERSION = YES_AGGRESSIVE;
				CLANG_CXX_LANGUAGE_STANDARD = "gnu++20";
				CLANG_ENABLE_MODULES = YES;
				CLANG_ENABLE_OBJC_ARC = YES;
				CLANG_ENABLE_OBJC_WEAK = YES;
				CLANG_WARN_BLOCK_CAPTURE_AUTORELEASING = YES;
				CLANG_WARN_BOOL_CONVERSION = YES;
				CLANG_WARN_COMMA = YES;
				CLANG_WARN_CONSTANT_CONVERSION = YES;
				CLANG_WARN_DEPRECATED_OBJC_IMPLEMENTATIONS = YES;
				CLANG_WARN_DIRECT_OBJC_ISA_USAGE = YES_ERROR;
				CLANG_WARN_DOCUMENTATION_COMMENTS = YES;
				CLANG_WARN_EMPTY_BODY = YES;
				CLANG_WARN_ENUM_CONVERSION = YES;
				CLANG_WARN_INFINITE_RECURSION = YES;
				CLANG_WARN_INT_CONVERSION = YES;
				CLANG_WARN_NON_LITERAL_NULL_CONVERSION = YES;
				CLANG_WARN_OBJC_IMPLICIT_RETAIN_SELF = YES;
				CLANG_WARN_OBJC_LITERAL_CONVERSION = YES;
				CLANG_WARN_OBJC_ROOT_CLASS = YES_ERROR;
				CLANG_WARN_QUOTED_INCLUDE_IN_FRAMEWORK_HEADER = YES;
				CLANG_WARN_RANGE_LOOP_ANALYSIS = YES;
				CLANG_WARN_STRICT_PROTOTYPES = YES;
				CLANG_WARN_SUSPICIOUS_MOVE = YES;
				CLANG_WARN_UNGUARDED_AVAILABILITY = YES_AGGRESSIVE;
				CLANG_WARN_UNREACHABLE_CODE = YES;
				CLANG_WARN__DUPLICATE_METHOD_MATCH = YES;
				COPY_PHASE_STRIP = NO;
				DEBUG_INFORMATION_FORMAT = dwarf;
				DEVELOPMENT_TEAM = H27PZFYGUZ;
				ENABLE_STRICT_OBJC_MSGSEND = YES;
				ENABLE_TESTABILITY = YES;
				ENABLE_USER_SCRIPT_SANDBOXING = YES;
				GCC_C_LANGUAGE_STANDARD = gnu17;
				GCC_DYNAMIC_NO_PIC = NO;
				GCC_NO_COMMON_BLOCKS = YES;
				GCC_OPTIMIZATION_LEVEL = 0;
				GCC_PREPROCESSOR_DEFINITIONS = (
					"DEBUG=1",
					"$(inherited)",
				);
				GCC_WARN_64_TO_32_BIT_CONVERSION = YES;
				GCC_WARN_ABOUT_RETURN_TYPE = YES_ERROR;
				GCC_WARN_UNDECLARED_SELECTOR = YES;
				GCC_WARN_UNINITIALIZED_AUTOS = YES_AGGRESSIVE;
				GCC_WARN_UNUSED_FUNCTION = YES;
				GCC_WARN_UNUSED_VARIABLE = YES;
				LOCALIZATION_PREFERS_STRING_CATALOGS = YES;
				MACOSX_DEPLOYMENT_TARGET = 26.2;
				MTL_ENABLE_DEBUG_INFO = INCLUDE_SOURCE;
				MTL_FAST_MATH = YES;
				ONLY_ACTIVE_ARCH = YES;
				SDKROOT = macosx;
				SWIFT_ACTIVE_COMPILATION_CONDITIONS = "DEBUG $(inherited)";
				SWIFT_OPTIMIZATION_LEVEL = "-Onone";
			};
			name = Debug;
		};
		79E537F02FE996D400867F55 /* Release */ = {
			isa = XCBuildConfiguration;
			buildSettings = {
				ALWAYS_SEARCH_USER_PATHS = NO;
				ASSETCATALOG_COMPILER_GENERATE_SWIFT_ASSET_SYMBOL_EXTENSIONS = YES;
				CLANG_ANALYZER_NONNULL = YES;
				CLANG_ANALYZER_NUMBER_OBJECT_CONVERSION = YES_AGGRESSIVE;
				CLANG_CXX_LANGUAGE_STANDARD = "gnu++20";
				CLANG_ENABLE_MODULES = YES;
				CLANG_ENABLE_OBJC_ARC = YES;
				CLANG_ENABLE_OBJC_WEAK = YES;
				CLANG_WARN_BLOCK_CAPTURE_AUTORELEASING = YES;
				CLANG_WARN_BOOL_CONVERSION = YES;
				CLANG_WARN_COMMA = YES;
				CLANG_WARN_CONSTANT_CONVERSION = YES;
				CLANG_WARN_DEPRECATED_OBJC_IMPLEMENTATIONS = YES;
				CLANG_WARN_DIRECT_OBJC_ISA_USAGE = YES_ERROR;
				CLANG_WARN_DOCUMENTATION_COMMENTS = YES;
				CLANG_WARN_EMPTY_BODY = YES;
				CLANG_WARN_ENUM_CONVERSION = YES;
				CLANG_WARN_INFINITE_RECURSION = YES;
				CLANG_WARN_INT_CONVERSION = YES;
				CLANG_WARN_NON_LITERAL_NULL_CONVERSION = YES;
				CLANG_WARN_OBJC_IMPLICIT_RETAIN_SELF = YES;
				CLANG_WARN_OBJC_LITERAL_CONVERSION = YES;
				CLANG_WARN_OBJC_ROOT_CLASS = YES_ERROR;
				CLANG_WARN_QUOTED_INCLUDE_IN_FRAMEWORK_HEADER = YES;
				CLANG_WARN_RANGE_LOOP_ANALYSIS = YES;
				CLANG_WARN_STRICT_PROTOTYPES = YES;
				CLANG_WARN_SUSPICIOUS_MOVE = YES;
				CLANG_WARN_UNGUARDED_AVAILABILITY = YES_AGGRESSIVE;
				CLANG_WARN_UNREACHABLE_CODE = YES;
				CLANG_WARN__DUPLICATE_METHOD_MATCH = YES;
				COPY_PHASE_STRIP = NO;
				DEBUG_INFORMATION_FORMAT = "dwarf-with-dsym";
				DEVELOPMENT_TEAM = H27PZFYGUZ;
				ENABLE_NS_ASSERTIONS = NO;
				ENABLE_STRICT_OBJC_MSGSEND = YES;
				ENABLE_USER_SCRIPT_SANDBOXING = YES;
				GCC_C_LANGUAGE_STANDARD = gnu17;
				GCC_NO_COMMON_BLOCKS = YES;
				GCC_WARN_64_TO_32_BIT_CONVERSION = YES;
				GCC_WARN_ABOUT_RETURN_TYPE = YES_ERROR;
				GCC_WARN_UNDECLARED_SELECTOR = YES;
				GCC_WARN_UNINITIALIZED_AUTOS = YES_AGGRESSIVE;
				GCC_WARN_UNUSED_FUNCTION = YES;
				GCC_WARN_UNUSED_VARIABLE = YES;
				LOCALIZATION_PREFERS_STRING_CATALOGS = YES;
				MACOSX_DEPLOYMENT_TARGET = 26.2;
				MTL_ENABLE_DEBUG_INFO = NO;
				MTL_FAST_MATH = YES;
				SDKROOT = macosx;
				SWIFT_COMPILATION_MODE = wholemodule;
			};
			name = Release;
		};
		79E537F22FE996D400867F55 /* Debug */ = {
			isa = XCBuildConfiguration;
			buildSettings = {
				ASSETCATALOG_COMPILER_APPICON_NAME = AppIcon;
				ASSETCATALOG_COMPILER_GLOBAL_ACCENT_COLOR_NAME = AccentColor;
				CODE_SIGN_STYLE = Automatic;
				COMBINE_HIDPI_IMAGES = YES;
				CURRENT_PROJECT_VERSION = 1;
				DEVELOPMENT_TEAM = H27PZFYGUZ;
				ENABLE_APP_SANDBOX = YES;
				ENABLE_HARDENED_RUNTIME = YES;
				ENABLE_PREVIEWS = YES;
				ENABLE_USER_SELECTED_FILES = readonly;
				GENERATE_INFOPLIST_FILE = YES;
				INFOPLIST_KEY_NSHumanReadableCopyright = "";
				LD_RUNPATH_SEARCH_PATHS = (
					"$(inherited)",
					"@executable_path/../Frameworks",
				);
				MACOSX_DEPLOYMENT_TARGET = 26.0;
				MARKETING_VERSION = 1.0;
				PRODUCT_BUNDLE_IDENTIFIER = iglooDevelopment.AlphaOmegaGravityVisualizer;
				PRODUCT_NAME = "$(TARGET_NAME)";
				REGISTER_APP_GROUPS = YES;
				STRING_CATALOG_GENERATE_SYMBOLS = YES;
				SWIFT_APPROACHABLE_CONCURRENCY = YES;
				SWIFT_DEFAULT_ACTOR_ISOLATION = MainActor;
				SWIFT_EMIT_LOC_STRINGS = YES;
				SWIFT_UPCOMING_FEATURE_MEMBER_IMPORT_VISIBILITY = YES;
				SWIFT_VERSION = 5.0;
			};
			name = Debug;
		};
		79E537F32FE996D400867F55 /* Release */ = {
			isa = XCBuildConfiguration;
			buildSettings = {
				ASSETCATALOG_COMPILER_APPICON_NAME = AppIcon;
				ASSETCATALOG_COMPILER_GLOBAL_ACCENT_COLOR_NAME = AccentColor;
				CODE_SIGN_STYLE = Automatic;
				COMBINE_HIDPI_IMAGES = YES;
				CURRENT_PROJECT_VERSION = 1;
				DEVELOPMENT_TEAM = H27PZFYGUZ;
				ENABLE_APP_SANDBOX = YES;
				ENABLE_HARDENED_RUNTIME = YES;
				ENABLE_PREVIEWS = YES;
				ENABLE_USER_SELECTED_FILES = readonly;
				GENERATE_INFOPLIST_FILE = YES;
				INFOPLIST_KEY_NSHumanReadableCopyright = "";
				LD_RUNPATH_SEARCH_PATHS = (
					"$(inherited)",
					"@executable_path/../Frameworks",
				);
				MACOSX_DEPLOYMENT_TARGET = 26.0;
				MARKETING_VERSION = 1.0;
				PRODUCT_BUNDLE_IDENTIFIER = iglooDevelopment.AlphaOmegaGravityVisualizer;
				PRODUCT_NAME = "$(TARGET_NAME)";
				REGISTER_APP_GROUPS = YES;
				STRING_CATALOG_GENERATE_SYMBOLS = YES;
				SWIFT_APPROACHABLE_CONCURRENCY = YES;
				SWIFT_DEFAULT_ACTOR_ISOLATION = MainActor;
				SWIFT_EMIT_LOC_STRINGS = YES;
				SWIFT_UPCOMING_FEATURE_MEMBER_IMPORT_VISIBILITY = YES;
				SWIFT_VERSION = 5.0;
			};
			name = Release;
		};
		79E537F52FE996D400867F55 /* Debug */ = {
			isa = XCBuildConfiguration;
			buildSettings = {
				BUNDLE_LOADER = "$(TEST_HOST)";
				CODE_SIGN_STYLE = Automatic;
				CURRENT_PROJECT_VERSION = 1;
				DEVELOPMENT_TEAM = H27PZFYGUZ;
				GENERATE_INFOPLIST_FILE = YES;
				MACOSX_DEPLOYMENT_TARGET = 26.2;
				MARKETING_VERSION = 1.0;
				PRODUCT_BUNDLE_IDENTIFIER = iglooDevelopment.AlphaOmegaGravityVisualizerTests;
				PRODUCT_NAME = "$(TARGET_NAME)";
				STRING_CATALOG_GENERATE_SYMBOLS = NO;
				SWIFT_APPROACHABLE_CONCURRENCY = YES;
				SWIFT_EMIT_LOC_STRINGS = NO;
				SWIFT_UPCOMING_FEATURE_MEMBER_IMPORT_VISIBILITY = YES;
				SWIFT_VERSION = 5.0;
				TEST_HOST = "$(BUILT_PRODUCTS_DIR)/AlphaOmegaGravityVisualizer.app/$(BUNDLE_EXECUTABLE_FOLDER_PATH)/AlphaOmegaGravityVisualizer";
			};
			name = Debug;
		};
		79E537F62FE996D400867F55 /* Release */ = {
			isa = XCBuildConfiguration;
			buildSettings = {
				BUNDLE_LOADER = "$(TEST_HOST)";
				CODE_SIGN_STYLE = Automatic;
				CURRENT_PROJECT_VERSION = 1;
				DEVELOPMENT_TEAM = H27PZFYGUZ;
				GENERATE_INFOPLIST_FILE = YES;
				MACOSX_DEPLOYMENT_TARGET = 26.2;
				MARKETING_VERSION = 1.0;
				PRODUCT_BUNDLE_IDENTIFIER = iglooDevelopment.AlphaOmegaGravityVisualizerTests;
				PRODUCT_NAME = "$(TARGET_NAME)";
				STRING_CATALOG_GENERATE_SYMBOLS = NO;
				SWIFT_APPROACHABLE_CONCURRENCY = YES;
				SWIFT_EMIT_LOC_STRINGS = NO;
				SWIFT_UPCOMING_FEATURE_MEMBER_IMPORT_VISIBILITY = YES;
				SWIFT_VERSION = 5.0;
				TEST_HOST = "$(BUILT_PRODUCTS_DIR)/AlphaOmegaGravityVisualizer.app/$(BUNDLE_EXECUTABLE_FOLDER_PATH)/AlphaOmegaGravityVisualizer";
			};
			name = Release;
		};
		79E537F82FE996D400867F55 /* Debug */ = {
			isa = XCBuildConfiguration;
			buildSettings = {
				CODE_SIGN_STYLE = Automatic;
				CURRENT_PROJECT_VERSION = 1;
				DEVELOPMENT_TEAM = H27PZFYGUZ;
				GENERATE_INFOPLIST_FILE = YES;
				MARKETING_VERSION = 1.0;
				PRODUCT_BUNDLE_IDENTIFIER = iglooDevelopment.AlphaOmegaGravityVisualizerUITests;
				PRODUCT_NAME = "$(TARGET_NAME)";
				STRING_CATALOG_GENERATE_SYMBOLS = NO;
				SWIFT_APPROACHABLE_CONCURRENCY = YES;
				SWIFT_EMIT_LOC_STRINGS = NO;
				SWIFT_UPCOMING_FEATURE_MEMBER_IMPORT_VISIBILITY = YES;
				SWIFT_VERSION = 5.0;
				TEST_TARGET_NAME = AlphaOmegaGravityVisualizer;
			};
			name = Debug;
		};
		79E537F92FE996D400867F55 /* Release */ = {
			isa = XCBuildConfiguration;
			buildSettings = {
				CODE_SIGN_STYLE = Automatic;
				CURRENT_PROJECT_VERSION = 1;
				DEVELOPMENT_TEAM = H27PZFYGUZ;
				GENERATE_INFOPLIST_FILE = YES;
				MARKETING_VERSION = 1.0;
				PRODUCT_BUNDLE_IDENTIFIER = iglooDevelopment.AlphaOmegaGravityVisualizerUITests;
				PRODUCT_NAME = "$(TARGET_NAME)";
				STRING_CATALOG_GENERATE_SYMBOLS = NO;
				SWIFT_APPROACHABLE_CONCURRENCY = YES;
				SWIFT_EMIT_LOC_STRINGS = NO;
				SWIFT_UPCOMING_FEATURE_MEMBER_IMPORT_VISIBILITY = YES;
				SWIFT_VERSION = 5.0;
				TEST_TARGET_NAME = AlphaOmegaGravityVisualizer;
			};
			name = Release;
		};
/* End XCBuildConfiguration section */

/* Begin XCConfigurationList section */
		79E537C92FE996D200867F55 /* Build configuration list for PBXProject "AlphaOmegaGravityVisualizer" */ = {
			isa = XCConfigurationList;
			buildConfigurations = (
				79E537EF2FE996D400867F55 /* Debug */,
				79E537F02FE996D400867F55 /* Release */,
			);
			defaultConfigurationIsVisible = 0;
			defaultConfigurationName = Release;
		};
		79E537F12FE996D400867F55 /* Build configuration list for PBXNativeTarget "AlphaOmegaGravityVisualizer" */ = {
			isa = XCConfigurationList;
			buildConfigurations = (
				79E537F22FE996D400867F55 /* Debug */,
				79E537F32FE996D400867F55 /* Release */,
			);
			defaultConfigurationIsVisible = 0;
			defaultConfigurationName = Release;
		};
		79E537F42FE996D400867F55 /* Build configuration list for PBXNativeTarget "AlphaOmegaGravityVisualizerTests" */ = {
			isa = XCConfigurationList;
			buildConfigurations = (
				79E537F52FE996D400867F55 /* Debug */,
				79E537F62FE996D400867F55 /* Release */,
			);
			defaultConfigurationIsVisible = 0;
			defaultConfigurationName = Release;
		};
		79E537F72FE996D400867F55 /* Build configuration list for PBXNativeTarget "AlphaOmegaGravityVisualizerUITests" */ = {
			isa = XCConfigurationList;
			buildConfigurations = (
				79E537F82FE996D400867F55 /* Debug */,
				79E537F92FE996D400867F55 /* Release */,
			);
			defaultConfigurationIsVisible = 0;
			defaultConfigurationName = Release;
		};
/* End XCConfigurationList section */

/* Begin XCLocalSwiftPackageReference section */
		794AFF842FE9BC04004D5F45 /* XCLocalSwiftPackageReference "../AlphaOmegaGravity" */ = {
			isa = XCLocalSwiftPackageReference;
			relativePath = ../AlphaOmegaGravity;
		};
/* End XCLocalSwiftPackageReference section */

/* Begin XCRemoteSwiftPackageReference section */
		7937BFC92FE9B8E1008D21CC /* XCRemoteSwiftPackageReference "SwiftMath" */ = {
			isa = XCRemoteSwiftPackageReference;
			repositoryURL = "https://github.com/mgriebling/SwiftMath.git";
			requirement = {
				kind = upToNextMajorVersion;
				minimumVersion = 1.7.3;
			};
		};
		794AFFA32FEAD4E4004D5F45 /* XCRemoteSwiftPackageReference "mlx-swift" */ = {
			isa = XCRemoteSwiftPackageReference;
			repositoryURL = "https://github.com/ml-explore/mlx-swift.git";
			requirement = {
				kind = upToNextMajorVersion;
				minimumVersion = 0.31.4;
			};
		};
/* End XCRemoteSwiftPackageReference section */

/* Begin XCSwiftPackageProductDependency section */
		7937BFCA2FE9B8E1008D21CC /* SwiftMath */ = {
			isa = XCSwiftPackageProductDependency;
			package = 7937BFC92FE9B8E1008D21CC /* XCRemoteSwiftPackageReference "SwiftMath" */;
			productName = SwiftMath;
		};
		794AFF852FE9BC04004D5F45 /* AlphaOmegaGravity */ = {
			isa = XCSwiftPackageProductDependency;
			productName = AlphaOmegaGravity;
		};
		794AFFA42FEAD4E5004D5F45 /* MLX */ = {
			isa = XCSwiftPackageProductDependency;
			package = 794AFFA32FEAD4E4004D5F45 /* XCRemoteSwiftPackageReference "mlx-swift" */;
			productName = MLX;
		};
		794AFFA62FEAD4E5004D5F45 /* MLXFFT */ = {
			isa = XCSwiftPackageProductDependency;
			package = 794AFFA32FEAD4E4004D5F45 /* XCRemoteSwiftPackageReference "mlx-swift" */;
			productName = MLXFFT;
		};
		794AFFA82FEAD4E5004D5F45 /* MLXFast */ = {
			isa = XCSwiftPackageProductDependency;
			package = 794AFFA32FEAD4E4004D5F45 /* XCRemoteSwiftPackageReference "mlx-swift" */;
			productName = MLXFast;
		};
		794AFFAA2FEAD4E5004D5F45 /* MLXLinalg */ = {
			isa = XCSwiftPackageProductDependency;
			package = 794AFFA32FEAD4E4004D5F45 /* XCRemoteSwiftPackageReference "mlx-swift" */;
			productName = MLXLinalg;
		};
		794AFFAC2FEAD4E5004D5F45 /* MLXNN */ = {
			isa = XCSwiftPackageProductDependency;
			package = 794AFFA32FEAD4E4004D5F45 /* XCRemoteSwiftPackageReference "mlx-swift" */;
			productName = MLXNN;
		};
/* End XCSwiftPackageProductDependency section */
	};
	rootObject = 79E537C62FE996D200867F55 /* Project object */;
}
